
Microsoft Visual Studio Solution File, Format Version 12.00
# Visual Studio Version 16
VisualStudioVersion = 16.0.33529.622
MinimumVisualStudioVersion = 10.0.40219.1
Project("{FAE04EC0-301F-11D3-BF4B-00C04F79EFBC}") = "Socket_Client_5I_Erraknaoui_Abderazak", "Socket_Client_5I_Erraknaoui_Abderazak\Socket_Client_5I_Erraknaoui_Abderazak.csproj", "{C37936A2-FF97-450A-BE61-AEADCFAD518F}"
EndProject
Global
	GlobalSection(SolutionConfigurationPlatforms) = preSolution
		Debug|Any CPU = Debug|Any CPU
		Release|Any CPU = Release|Any CPU
	EndGlobalSection
	GlobalSection(ProjectConfigurationPlatforms) = postSolution
		{C37936A2-FF97-450A-BE61-AEADCFAD518F}.Debug|Any CPU.ActiveCfg = Debug|Any CPU
		{C37936A2-FF97-450A-BE61-AEADCFAD518F}.Debug|Any CPU.Build.0 = Debug|Any CPU
		{C37936A2-FF97-450A-BE61-AEADCFAD518F}.Release|Any CPU.ActiveCfg = Release|Any CPU
		{C37936A2-FF97-450A-BE61-AEADCFAD518F}.Release|Any CPU.Build.0 = Release|Any CPU
	EndGlobalSection
	GlobalSection(SolutionProperties) = preSolution
		HideSolutionNode = FALSE
	EndGlobalSection
	GlobalSection(ExtensibilityGlobals) = postSolution
		SolutionGuid = {67B73ED8-6255-4536-9D7D-7CD32076D521}
	EndGlobalSection
EndGlobal
